// !$*UTF8*$!
{
	archiveVersion = 1;
	classes = {
	};
	objectVersion = 56;
	objects = {

/* Begin PBXBuildFile section */
		059E70762C4EE92900A1231B /* Data.swift in Sources */ = {isa = PBXBuildFile; fileRef = 059E70752C4EE92900A1231B /* Data.swift */; };
		05D254722C4ED09200112739 /* AppDelegate.swift in Sources */ = {isa = PBXBuildFile; fileRef = 05D254712C4ED09200112739 /* AppDelegate.swift */; };
		05D254742C4ED09200112739 /* SceneDelegate.swift in Sources */ = {isa = PBXBuildFile; fileRef = 05D254732C4ED09200112739 /* SceneDelegate.swift */; };
		05D254762C4ED09200112739 /* ViewController.swift in Sources */ = {isa = PBXBuildFile; fileRef = 05D254752C4ED09200112739 /* ViewController.swift */; };
		05D254792C4ED09200112739 /* Base in Resources */ = {isa = PBXBuildFile; fileRef = 05D254782C4ED09200112739 /* Base */; };
		05D2547B2C4ED09300112739 /* Assets.xcassets in Resources */ = {isa = PBXBuildFile; fileRef = 05D2547A2C4ED09300112739 /* Assets.xcassets */; };
		05D2547E2C4ED09300112739 /* Base in Resources */ = {isa = PBXBuildFile; fileRef = 05D2547D2C4ED09300112739 /* Base */; };
		05D254892C4ED09300112739 /* Lab_8Tests.swift in Sources */ = {isa = PBXBuildFile; fileRef = 05D254882C4ED09300112739 /* Lab_8Tests.swift */; };
		05D254932C4ED09300112739 /* Lab_8UITests.swift in Sources */ = {isa = PBXBuildFile; fileRef = 05D254922C4ED09300112739 /* Lab_8UITests.swift */; };
		05D254952C4ED09300112739 /* Lab_8UITestsLaunchTests.swift in Sources */ = {isa = PBXBuildFile; fileRef = 05D254942C4ED09300112739 /* Lab_8UITestsLaunchTests.swift */; };
/* End PBXBuildFile section */

/* Begin PBXContainerItemProxy section */
		05D254852C4ED09300112739 /* PBXContainerItemProxy */ = {
			isa = PBXContainerItemProxy;
			containerPortal = 05D254662C4ED09200112739 /* Project object */;
			proxyType = 1;
			remoteGlobalIDString = 05D2546D2C4ED09200112739;
			remoteInfo = "Lab-8";
		};
		05D2548F2C4ED09300112739 /* PBXContainerItemProxy */ = {
			isa = PBXContainerItemProxy;
			containerPortal = 05D254662C4ED09200112739 /* Project object */;
			proxyType = 1;
			remoteGlobalIDString = 05D2546D2C4ED09200112739;
			remoteInfo = "Lab-8";
		};
/* End PBXContainerItemProxy section */

/* Begin PBXFileReference section */
		059E70752C4EE92900A1231B /* Data.swift */ = {isa = PBXFileReference; lastKnownFileType = sourcecode.swift; path = Data.swift; sourceTree = "<group>"; };
		05D2546E2C4ED09200112739 /* Lab-8.app */ = {isa = PBXFileReference; explicitFileType = wrapper.application; includeInIndex = 0; path = "Lab-8.app"; sourceTree = BUILT_PRODUCTS_DIR; };
		05D254712C4ED09200112739 /* AppDelegate.swift */ = {isa = PBXFileReference; lastKnownFileType = sourcecode.swift; path = AppDelegate.swift; sourceTree = "<group>"; };
		05D254732C4ED09200112739 /* SceneDelegate.swift */ = {isa = PBXFileReference; lastKnownFileType = sourcecode.swift; path = SceneDelegate.swift; sourceTree = "<group>"; };
		05D254752C4ED09200112739 /* ViewController.swift */ = {isa = PBXFileReference; lastKnownFileType = sourcecode.swift; path = ViewController.swift; sourceTree = "<group>"; };
		05D254782C4ED09200112739 /* Base */ = {isa = PBXFileReference; lastKnownFileType = file.storyboard; name = Base; path = Base.lproj/Main.storyboard; sourceTree = "<group>"; };
		05D2547A2C4ED09300112739 /* Assets.xcassets */ = {isa = PBXFileReference; lastKnownFileType = folder.assetcatalog; path = Assets.xcassets; sourceTree = "<group>"; };
		05D2547D2C4ED09300112739 /* Base */ = {isa = PBXFileReference; lastKnownFileType = file.storyboard; name = Base; path = Base.lproj/LaunchScreen.storyboard; sourceTree = "<group>"; };
		05D2547F2C4ED09300112739 /* Info.plist */ = {isa = PBXFileReference; lastKnownFileType = text.plist.xml; path = Info.plist; sourceTree = "<group>"; };
		05D254842C4ED09300112739 /* Lab-8Tests.xctest */ = {isa = PBXFileReference; explicitFileType = wrapper.cfbundle; includeInIndex = 0; path = "Lab-8Tests.xctest"; sourceTree = BUILT_PRODUCTS_DIR; };
		05D254882C4ED09300112739 /* Lab_8Tests.swift */ = {isa = PBXFileReference; lastKnownFileType = sourcecode.swift; path = Lab_8Tests.swift; sourceTree = "<group>"; };
		05D2548E2C4ED09300112739 /* Lab-8UITests.xctest */ = {isa = PBXFileReference; explicitFileType = wrapper.cfbundle; includeInIndex = 0; path = "Lab-8UITests.xctest"; sourceTree = BUILT_PRODUCTS_DIR; };
		05D254922C4ED09300112739 /* Lab_8UITests.swift */ = {isa = PBXFileReference; lastKnownFileType = sourcecode.swift; path = Lab_8UITests.swift; sourceTree = "<group>"; };
		05D254942C4ED09300112739 /* Lab_8UITestsLaunchTests.swift */ = {isa = PBXFileReference; lastKnownFileType = sourcecode.swift; path = Lab_8UITestsLaunchTests.swift; sourceTree = "<group>"; };
/* End PBXFileReference section */

/* Begin PBXFrameworksBuildPhase section */
		05D2546B2C4ED09200112739 /* Frameworks */ = {
			isa = PBXFrameworksBuildPhase;
			buildActionMask = 2147483647;
			files = (
			);
			runOnlyForDeploymentPostprocessing = 0;
		};
		05D254812C4ED09300112739 /* Frameworks */ = {
			isa = PBXFrameworksBuildPhase;
			buildActionMask = 2147483647;
			files = (
			);
			runOnlyForDeploymentPostprocessing = 0;
		};
		05D2548B2C4ED09300112739 /* Frameworks */ = {
			isa = PBXFrameworksBuildPhase;
			buildActionMask = 2147483647;
			files = (
			);
			runOnlyForDeploymentPostprocessing = 0;
		};
/* End PBXFrameworksBuildPhase section */

/* Begin PBXGroup section */
		05D254652C4ED09200112739 = {
			isa = PBXGroup;
			children = (
				05D254702C4ED09200112739 /* Lab-8 */,
				05D254872C4ED09300112739 /* Lab-8Tests */,
				05D254912C4ED09300112739 /* Lab-8UITests */,
				05D2546F2C4ED09200112739 /* Products */,
			);
			sourceTree = "<group>";
		};
		05D2546F2C4ED09200112739 /* Products */ = {
			isa = PBXGroup;
			children = (
				05D2546E2C4ED09200112739 /* Lab-8.app */,
				05D254842C4ED09300112739 /* Lab-8Tests.xctest */,
				05D2548E2C4ED09300112739 /* Lab-8UITests.xctest */,
			);
			name = Products;
			sourceTree = "<group>";
		};
		05D254702C4ED09200112739 /* Lab-8 */ = {
			isa = PBXGroup;
			children = (
				05D254712C4ED09200112739 /* AppDelegate.swift */,
				05D254732C4ED09200112739 /* SceneDelegate.swift */,
				05D254752C4ED09200112739 /* ViewController.swift */,
				05D254772C4ED09200112739 /* Main.storyboard */,
				059E70752C4EE92900A1231B /* Data.swift */,
				05D2547A2C4ED09300112739 /* Assets.xcassets */,
				05D2547C2C4ED09300112739 /* LaunchScreen.storyboard */,
				05D2547F2C4ED09300112739 /* Info.plist */,
			);
			path = "Lab-8";
			sourceTree = "<group>";
		};
		05D254872C4ED09300112739 /* Lab-8Tests */ = {
			isa = PBXGroup;
			children = (
				05D254882C4ED09300112739 /* Lab_8Tests.swift */,
			);
			path = "Lab-8Tests";
			sourceTree = "<group>";
		};
		05D254912C4ED09300112739 /* Lab-8UITests */ = {
			isa = PBXGroup;
			children = (
				05D254922C4ED09300112739 /* Lab_8UITests.swift */,
				05D254942C4ED09300112739 /* Lab_8UITestsLaunchTests.swift */,
			);
			path = "Lab-8UITests";
			sourceTree = "<group>";
		};
/* End PBXGroup section */

/* Begin PBXNativeTarget section */
		05D2546D2C4ED09200112739 /* Lab-8 */ = {
			isa = PBXNativeTarget;
			buildConfigurationList = 05D254982C4ED09300112739 /* Build configuration list for PBXNativeTarget "Lab-8" */;
			buildPhases = (
				05D2546A2C4ED09200112739 /* Sources */,
				05D2546B2C4ED09200112739 /* Frameworks */,
				05D2546C2C4ED09200112739 /* Resources */,
			);
			buildRules = (
			);
			dependencies = (
			);
			name = "Lab-8";
			productName = "Lab-8";
			productReference = 05D2546E2C4ED09200112739 /* Lab-8.app */;
			productType = "com.apple.product-type.application";
		};
		05D254832C4ED09300112739 /* Lab-8Tests */ = {
			isa = PBXNativeTarget;
			buildConfigurationList = 05D2549B2C4ED09300112739 /* Build configuration list for PBXNativeTarget "Lab-8Tests" */;
			buildPhases = (
				05D254802C4ED09300112739 /* Sources */,
				05D254812C4ED09300112739 /* Frameworks */,
				05D254822C4ED09300112739 /* Resources */,
			);
			buildRules = (
			);
			dependencies = (
				05D254862C4ED09300112739 /* PBXTargetDependency */,
			);
			name = "Lab-8Tests";
			productName = "Lab-8Tests";
			productReference = 05D254842C4ED09300112739 /* Lab-8Tests.xctest */;
			productType = "com.apple.product-type.bundle.unit-test";
		};
		05D2548D2C4ED09300112739 /* Lab-8UITests */ = {
			isa = PBXNativeTarget;
			buildConfigurationList = 05D2549E2C4ED09300112739 /* Build configuration list for PBXNativeTarget "Lab-8UITests" */;
			buildPhases = (
				05D2548A2C4ED09300112739 /* Sources */,
				05D2548B2C4ED09300112739 /* Frameworks */,
				05D2548C2C4ED09300112739 /* Resources */,
			);
			buildRules = (
			);
			dependencies = (
				05D254902C4ED09300112739 /* PBXTargetDependency */,
			);
			name = "Lab-8UITests";
			productName = "Lab-8UITests";
			productReference = 05D2548E2C4ED09300112739 /* Lab-8UITests.xctest */;
			productType = "com.apple.product-type.bundle.ui-testing";
		};
/* End PBXNativeTarget section */

/* Begin PBXProject section */
		05D254662C4ED09200112739 /* Project object */ = {
			isa = PBXProject;
			attributes = {
				BuildIndependentTargetsInParallel = 1;
				LastSwiftUpdateCheck = 1530;
				LastUpgradeCheck = 1530;
				TargetAttributes = {
					05D2546D2C4ED09200112739 = {
						CreatedOnToolsVersion = 15.3;
					};
					05D254832C4ED09300112739 = {
						CreatedOnToolsVersion = 15.3;
						TestTargetID = 05D2546D2C4ED09200112739;
					};
					05D2548D2C4ED09300112739 = {
						CreatedOnToolsVersion = 15.3;
						TestTargetID = 05D2546D2C4ED09200112739;
					};
				};
			};
			buildConfigurationList = 05D254692C4ED09200112739 /* Build configuration list for PBXProject "Lab-8" */;
			compatibilityVersion = "Xcode 14.0";
			developmentRegion = en;
			hasScannedForEncodings = 0;
			knownRegions = (
				en,
				Base,
			);
			mainGroup = 05D254652C4ED09200112739;
			productRefGroup = 05D2546F2C4ED09200112739 /* Products */;
			projectDirPath = "";
			projectRoot = "";
			targets = (
				05D2546D2C4ED09200112739 /* Lab-8 */,
				05D254832C4ED09300112739 /* Lab-8Tests */,
				05D2548D2C4ED09300112739 /* Lab-8UITests */,
			);
		};
/* End PBXProject section */

/* Begin PBXResourcesBuildPhase section */
		05D2546C2C4ED09200112739 /* Resources */ = {
			isa = PBXResourcesBuildPhase;
			buildActionMask = 2147483647;
			files = (
				05D2547B2C4ED09300112739 /* Assets.xcassets in Resources */,
				05D2547E2C4ED09300112739 /* Base in Resources */,
				05D254792C4ED09200112739 /* Base in Resources */,
			);
			runOnlyForDeploymentPostprocessing = 0;
		};
		05D254822C4ED09300112739 /* Resources */ = {
			isa = PBXResourcesBuildPhase;
			buildActionMask = 2147483647;
			files = (
			);
			runOnlyForDeploymentPostprocessing = 0;
		};
		05D2548C2C4ED09300112739 /* Resources */ = {
			isa = PBXResourcesBuildPhase;
			buildActionMask = 2147483647;
			files = (
			);
			runOnlyForDeploymentPostprocessing = 0;
		};
/* End PBXResourcesBuildPhase section */

/* Begin PBXSourcesBuildPhase section */
		05D2546A2C4ED09200112739 /* Sources */ = {
			isa = PBXSourcesBuildPhase;
			buildActionMask = 2147483647;
			files = (
				05D254762C4ED09200112739 /* ViewController.swift in Sources */,
				05D254722C4ED09200112739 /* AppDelegate.swift in Sources */,
				05D254742C4ED09200112739 /* SceneDelegate.swift in Sources */,
				059E70762C4EE92900A1231B /* Data.swift in Sources */,
			);
			runOnlyForDeploymentPostprocessing = 0;
		};
		05D254802C4ED09300112739 /* Sources */ = {
			isa = PBXSourcesBuildPhase;
			buildActionMask = 2147483647;
			files = (
				05D254892C4ED09300112739 /* Lab_8Tests.swift in Sources */,
			);
			runOnlyForDeploymentPostprocessing = 0;
		};
		05D2548A2C4ED09300112739 /* Sources */ = {
			isa = PBXSourcesBuildPhase;
			buildActionMask = 2147483647;
			files = (
				05D254932C4ED09300112739 /* Lab_8UITests.swift in Sources */,
				05D254952C4ED09300112739 /* Lab_8UITestsLaunchTests.swift in Sources */,
			);
			runOnlyForDeploymentPostprocessing = 0;
		};
/* End PBXSourcesBuildPhase section */

/* Begin PBXTargetDependency section */
		05D254862C4ED09300112739 /* PBXTargetDependency */ = {
			isa = PBXTargetDependency;
			target = 05D2546D2C4ED09200112739 /* Lab-8 */;
			targetProxy = 05D254852C4ED09300112739 /* PBXContainerItemProxy */;
		};
		05D254902C4ED09300112739 /* PBXTargetDependency */ = {
			isa = PBXTargetDependency;
			target = 05D2546D2C4ED09200112739 /* Lab-8 */;
			targetProxy = 05D2548F2C4ED09300112739 /* PBXContainerItemProxy */;
		};
/* End PBXTargetDependency section */

/* Begin PBXVariantGroup section */
		05D254772C4ED09200112739 /* Main.storyboard */ = {
			isa = PBXVariantGroup;
			children = (
				05D254782C4ED09200112739 /* Base */,
			);
			name = Main.storyboard;
			sourceTree = "<group>";
		};
		05D2547C2C4ED09300112739 /* LaunchScreen.storyboard */ = {
			isa = PBXVariantGroup;
			children = (
				05D2547D2C4ED09300112739 /* Base */,
			);
			name = LaunchScreen.storyboard;
			sourceTree = "<group>";
		};
/* End PBXVariantGroup section */

/* Begin XCBuildConfiguration section */
		05D254962C4ED09300112739 /* Debug */ = {
			isa = XCBuildConfiguration;
			buildSettings = {
				ALWAYS_SEARCH_USER_PATHS = NO;
				ASSETCATALOG_COMPILER_GENERATE_SWIFT_ASSET_SYMBOL_EXTENSIONS = YES;
				CLANG_ANALYZER_NONNULL = YES;
				CLANG_ANALYZER_NUMBER_OBJECT_CONVERSION = YES_AGGRESSIVE;
				CLANG_CXX_LANGUAGE_STANDARD = "gnu++20";
				CLANG_ENABLE_MODULES = YES;
				CLANG_ENABLE_OBJC_ARC = YES;
				CLANG_ENABLE_OBJC_WEAK = YES;
				CLANG_WARN_BLOCK_CAPTURE_AUTORELEASING = YES;
				CLANG_WARN_BOOL_CONVERSION = YES;
				CLANG_WARN_COMMA = YES;
				CLANG_WARN_CONSTANT_CONVERSION = YES;
				CLANG_WARN_DEPRECATED_OBJC_IMPLEMENTATIONS = YES;
				CLANG_WARN_DIRECT_OBJC_ISA_USAGE = YES_ERROR;
				CLANG_WARN_DOCUMENTATION_COMMENTS = YES;
				CLANG_WARN_EMPTY_BODY = YES;
				CLANG_WARN_ENUM_CONVERSION = YES;
				CLANG_WARN_INFINITE_RECURSION = YES;
				CLANG_WARN_INT_CONVERSION = YES;
				CLANG_WARN_NON_LITERAL_NULL_CONVERSION = YES;
				CLANG_WARN_OBJC_IMPLICIT_RETAIN_SELF = YES;
				CLANG_WARN_OBJC_LITERAL_CONVERSION = YES;
				CLANG_WARN_OBJC_ROOT_CLASS = YES_ERROR;
				CLANG_WARN_QUOTED_INCLUDE_IN_FRAMEWORK_HEADER = YES;
				CLANG_WARN_RANGE_LOOP_ANALYSIS = YES;
				CLANG_WARN_STRICT_PROTOTYPES = YES;
				CLANG_WARN_SUSPICIOUS_MOVE = YES;
				CLANG_WARN_UNGUARDED_AVAILABILITY = YES_AGGRESSIVE;
				CLANG_WARN_UNREACHABLE_CODE = YES;
				CLANG_WARN__DUPLICATE_METHOD_MATCH = YES;
				COPY_PHASE_STRIP = NO;
				DEBUG_INFORMATION_FORMAT = dwarf;
				ENABLE_STRICT_OBJC_MSGSEND = YES;
				ENABLE_TESTABILITY = YES;
				ENABLE_USER_SCRIPT_SANDBOXING = YES;
				GCC_C_LANGUAGE_STANDARD = gnu17;
				GCC_DYNAMIC_NO_PIC = NO;
				GCC_NO_COMMON_BLOCKS = YES;
				GCC_OPTIMIZATION_LEVEL = 0;
				GCC_PREPROCESSOR_DEFINITIONS = (
					"DEBUG=1",
					"$(inherited)",
				);
				GCC_WARN_64_TO_32_BIT_CONVERSION = YES;
				GCC_WARN_ABOUT_RETURN_TYPE = YES_ERROR;
				GCC_WARN_UNDECLARED_SELECTOR = YES;
				GCC_WARN_UNINITIALIZED_AUTOS = YES_AGGRESSIVE;
				GCC_WARN_UNUSED_FUNCTION = YES;
				GCC_WARN_UNUSED_VARIABLE = YES;
				IPHONEOS_DEPLOYMENT_TARGET = 17.4;
				LOCALIZATION_PREFERS_STRING_CATALOGS = YES;
				MTL_ENABLE_DEBUG_INFO = INCLUDE_SOURCE;
				MTL_FAST_MATH = YES;
				ONLY_ACTIVE_ARCH = YES;
				SDKROOT = iphoneos;
				SWIFT_ACTIVE_COMPILATION_CONDITIONS = "DEBUG $(inherited)";
				SWIFT_OPTIMIZATION_LEVEL = "-Onone";
			};
			name = Debug;
		};
		05D254972C4ED09300112739 /* Release */ = {
			isa = XCBuildConfiguration;
			buildSettings = {
				ALWAYS_SEARCH_USER_PATHS = NO;
				ASSETCATALOG_COMPILER_GENERATE_SWIFT_ASSET_SYMBOL_EXTENSIONS = YES;
				CLANG_ANALYZER_NONNULL = YES;
				CLANG_ANALYZER_NUMBER_OBJECT_CONVERSION = YES_AGGRESSIVE;
				CLANG_CXX_LANGUAGE_STANDARD = "gnu++20";
				CLANG_ENABLE_MODULES = YES;
				CLANG_ENABLE_OBJC_ARC = YES;
				CLANG_ENABLE_OBJC_WEAK = YES;
				CLANG_WARN_BLOCK_CAPTURE_AUTORELEASING = YES;
				CLANG_WARN_BOOL_CONVERSION = YES;
				CLANG_WARN_COMMA = YES;
				CLANG_WARN_CONSTANT_CONVERSION = YES;
				CLANG_WARN_DEPRECATED_OBJC_IMPLEMENTATIONS = YES;
				CLANG_WARN_DIRECT_OBJC_ISA_USAGE = YES_ERROR;
				CLANG_WARN_DOCUMENTATION_COMMENTS = YES;
				CLANG_WARN_EMPTY_BODY = YES;
				CLANG_WARN_ENUM_CONVERSION = YES;
				CLANG_WARN_INFINITE_RECURSION = YES;
				CLANG_WARN_INT_CONVERSION = YES;
				CLANG_WARN_NON_LITERAL_NULL_CONVERSION = YES;
				CLANG_WARN_OBJC_IMPLICIT_RETAIN_SELF = YES;
				CLANG_WARN_OBJC_LITERAL_CONVERSION = YES;
				CLANG_WARN_OBJC_ROOT_CLASS = YES_ERROR;
				CLANG_WARN_QUOTED_INCLUDE_IN_FRAMEWORK_HEADER = YES;
				CLANG_WARN_RANGE_LOOP_ANALYSIS = YES;
				CLANG_WARN_STRICT_PROTOTYPES = YES;
				CLANG_WARN_SUSPICIOUS_MOVE = YES;
				CLANG_WARN_UNGUARDED_AVAILABILITY = YES_AGGRESSIVE;
				CLANG_WARN_UNREACHABLE_CODE = YES;
				CLANG_WARN__DUPLICATE_METHOD_MATCH = YES;
				COPY_PHASE_STRIP = NO;
				DEBUG_INFORMATION_FORMAT = "dwarf-with-dsym";
				ENABLE_NS_ASSERTIONS = NO;
				ENABLE_STRICT_OBJC_MSGSEND = YES;
				ENABLE_USER_SCRIPT_SANDBOXING = YES;
				GCC_C_LANGUAGE_STANDARD = gnu17;
				GCC_NO_COMMON_BLOCKS = YES;
				GCC_WARN_64_TO_32_BIT_CONVERSION = YES;
				GCC_WARN_ABOUT_RETURN_TYPE = YES_ERROR;
				GCC_WARN_UNDECLARED_SELECTOR = YES;
				GCC_WARN_UNINITIALIZED_AUTOS = YES_AGGRESSIVE;
				GCC_WARN_UNUSED_FUNCTION = YES;
				GCC_WARN_UNUSED_VARIABLE = YES;
				IPHONEOS_DEPLOYMENT_TARGET = 17.4;
				LOCALIZATION_PREFERS_STRING_CATALOGS = YES;
				MTL_ENABLE_DEBUG_INFO = NO;
				MTL_FAST_MATH = YES;
				SDKROOT = iphoneos;
				SWIFT_COMPILATION_MODE = wholemodule;
				VALIDATE_PRODUCT = YES;
			};
			name = Release;
		};
		05D254992C4ED09300112739 /* Debug */ = {
			isa = XCBuildConfiguration;
			buildSettings = {
				ASSETCATALOG_COMPILER_APPICON_NAME = AppIcon;
				ASSETCATALOG_COMPILER_GLOBAL_ACCENT_COLOR_NAME = AccentColor;
				CODE_SIGN_STYLE = Automatic;
				CURRENT_PROJECT_VERSION = 1;
				GENERATE_INFOPLIST_FILE = YES;
				INFOPLIST_FILE = "Lab-8/Info.plist";
				INFOPLIST_KEY_UIApplicationSupportsIndirectInputEvents = YES;
				INFOPLIST_KEY_UILaunchStoryboardName = LaunchScreen;
				INFOPLIST_KEY_UIMainStoryboardFile = Main;
				INFOPLIST_KEY_UISupportedInterfaceOrientations_iPad = "UIInterfaceOrientationPortrait UIInterfaceOrientationPortraitUpsideDown UIInterfaceOrientationLandscapeLeft UIInterfaceOrientationLandscapeRight";
				INFOPLIST_KEY_UISupportedInterfaceOrientations_iPhone = "UIInterfaceOrientationPortrait UIInterfaceOrientationLandscapeLeft UIInterfaceOrientationLandscapeRight";
				IPHONEOS_DEPLOYMENT_TARGET = 16.6;
				LD_RUNPATH_SEARCH_PATHS = (
					"$(inherited)",
					"@executable_path/Frameworks",
				);
				MARKETING_VERSION = 1.0;
				PRODUCT_BUNDLE_IDENTIFIER = "mayankmalviya2169-gmail.com.Lab-8";
				PRODUCT_NAME = "$(TARGET_NAME)";
				SWIFT_EMIT_LOC_STRINGS = YES;
				SWIFT_VERSION = 5.0;
				TARGETED_DEVICE_FAMILY = "1,2";
			};
			name = Debug;
		};
		05D2549A2C4ED09300112739 /* Release */ = {
			isa = XCBuildConfiguration;
			buildSettings = {
				ASSETCATALOG_COMPILER_APPICON_NAME = AppIcon;
				ASSETCATALOG_COMPILER_GLOBAL_ACCENT_COLOR_NAME = AccentColor;
				CODE_SIGN_STYLE = Automatic;
				CURRENT_PROJECT_VERSION = 1;
				GENERATE_INFOPLIST_FILE = YES;
				INFOPLIST_FILE = "Lab-8/Info.plist";
				INFOPLIST_KEY_UIApplicationSupportsIndirectInputEvents = YES;
				INFOPLIST_KEY_UILaunchStoryboardName = LaunchScreen;
				INFOPLIST_KEY_UIMainStoryboardFile = Main;
				INFOPLIST_KEY_UISupportedInterfaceOrientations_iPad = "UIInterfaceOrientationPortrait UIInterfaceOrientationPortraitUpsideDown UIInterfaceOrientationLandscapeLeft UIInterfaceOrientationLandscapeRight";
				INFOPLIST_KEY_UISupportedInterfaceOrientations_iPhone = "UIInterfaceOrientationPortrait UIInterfaceOrientationLandscapeLeft UIInterfaceOrientationLandscapeRight";
				IPHONEOS_DEPLOYMENT_TARGET = 16.6;
				LD_RUNPATH_SEARCH_PATHS = (
					"$(inherited)",
					"@executable_path/Frameworks",
				);
				MARKETING_VERSION = 1.0;
				PRODUCT_BUNDLE_IDENTIFIER = "mayankmalviya2169-gmail.com.Lab-8";
				PRODUCT_NAME = "$(TARGET_NAME)";
				SWIFT_EMIT_LOC_STRINGS = YES;
				SWIFT_VERSION = 5.0;
				TARGETED_DEVICE_FAMILY = "1,2";
			};
			name = Release;
		};
		05D2549C2C4ED09300112739 /* Debug */ = {
			isa = XCBuildConfiguration;
			buildSettings = {
				ALWAYS_EMBED_SWIFT_STANDARD_LIBRARIES = YES;
				BUNDLE_LOADER = "$(TEST_HOST)";
				CODE_SIGN_STYLE = Automatic;
				CURRENT_PROJECT_VERSION = 1;
				GENERATE_INFOPLIST_FILE = YES;
				IPHONEOS_DEPLOYMENT_TARGET = 17.4;
				MARKETING_VERSION = 1.0;
				PRODUCT_BUNDLE_IDENTIFIER = "mayankmalviya2169-gmail.com.Lab-8Tests";
				PRODUCT_NAME = "$(TARGET_NAME)";
				SWIFT_EMIT_LOC_STRINGS = NO;
				SWIFT_VERSION = 5.0;
				TARGETED_DEVICE_FAMILY = "1,2";
				TEST_HOST = "$(BUILT_PRODUCTS_DIR)/Lab-8.app/$(BUNDLE_EXECUTABLE_FOLDER_PATH)/Lab-8";
			};
			name = Debug;
		};
		05D2549D2C4ED09300112739 /* Release */ = {
			isa = XCBuildConfiguration;
			buildSettings = {
				ALWAYS_EMBED_SWIFT_STANDARD_LIBRARIES = YES;
				BUNDLE_LOADER = "$(TEST_HOST)";
				CODE_SIGN_STYLE = Automatic;
				CURRENT_PROJECT_VERSION = 1;
				GENERATE_INFOPLIST_FILE = YES;
				IPHONEOS_DEPLOYMENT_TARGET = 17.4;
				MARKETING_VERSION = 1.0;
				PRODUCT_BUNDLE_IDENTIFIER = "mayankmalviya2169-gmail.com.Lab-8Tests";
				PRODUCT_NAME = "$(TARGET_NAME)";
				SWIFT_EMIT_LOC_STRINGS = NO;
				SWIFT_VERSION = 5.0;
				TARGETED_DEVICE_FAMILY = "1,2";
				TEST_HOST = "$(BUILT_PRODUCTS_DIR)/Lab-8.app/$(BUNDLE_EXECUTABLE_FOLDER_PATH)/Lab-8";
			};
			name = Release;
		};
		05D2549F2C4ED09300112739 /* Debug */ = {
			isa = XCBuildConfiguration;
			buildSettings = {
				ALWAYS_EMBED_SWIFT_STANDARD_LIBRARIES = YES;
				CODE_SIGN_STYLE = Automatic;
				CURRENT_PROJECT_VERSION = 1;
				GENERATE_INFOPLIST_FILE = YES;
				MARKETING_VERSION = 1.0;
				PRODUCT_BUNDLE_IDENTIFIER = "mayankmalviya2169-gmail.com.Lab-8UITests";
				PRODUCT_NAME = "$(TARGET_NAME)";
				SWIFT_EMIT_LOC_STRINGS = NO;
				SWIFT_VERSION = 5.0;
				TARGETED_DEVICE_FAMILY = "1,2";
				TEST_TARGET_NAME = "Lab-8";
			};
			name = Debug;
		};
		05D254A02C4ED09300112739 /* Release */ = {
			isa = XCBuildConfiguration;
			buildSettings = {
				ALWAYS_EMBED_SWIFT_STANDARD_LIBRARIES = YES;
				CODE_SIGN_STYLE = Automatic;
				CURRENT_PROJECT_VERSION = 1;
				GENERATE_INFOPLIST_FILE = YES;
				MARKETING_VERSION = 1.0;
				PRODUCT_BUNDLE_IDENTIFIER = "mayankmalviya2169-gmail.com.Lab-8UITests";
				PRODUCT_NAME = "$(TARGET_NAME)";
				SWIFT_EMIT_LOC_STRINGS = NO;
				SWIFT_VERSION = 5.0;
				TARGETED_DEVICE_FAMILY = "1,2";
				TEST_TARGET_NAME = "Lab-8";
			};
			name = Release;
		};
/* End XCBuildConfiguration section */

/* Begin XCConfigurationList section */
		05D254692C4ED09200112739 /* Build configuration list for PBXProject "Lab-8" */ = {
			isa = XCConfigurationList;
			buildConfigurations = (
				05D254962C4ED09300112739 /* Debug */,
				05D254972C4ED09300112739 /* Release */,
			);
			defaultConfigurationIsVisible = 0;
			defaultConfigurationName = Release;
		};
		05D254982C4ED09300112739 /* Build configuration list for PBXNativeTarget "Lab-8" */ = {
			isa = XCConfigurationList;
			buildConfigurations = (
				05D254992C4ED09300112739 /* Debug */,
				05D2549A2C4ED09300112739 /* Release */,
			);
			defaultConfigurationIsVisible = 0;
			defaultConfigurationName = Release;
		};
		05D2549B2C4ED09300112739 /* Build configuration list for PBXNativeTarget "Lab-8Tests" */ = {
			isa = XCConfigurationList;
			buildConfigurations = (
				05D2549C2C4ED09300112739 /* Debug */,
				05D2549D2C4ED09300112739 /* Release */,
			);
			defaultConfigurationIsVisible = 0;
			defaultConfigurationName = Release;
		};
		05D2549E2C4ED09300112739 /* Build configuration list for PBXNativeTarget "Lab-8UITests" */ = {
			isa = XCConfigurationList;
			buildConfigurations = (
				05D2549F2C4ED09300112739 /* Debug */,
				05D254A02C4ED09300112739 /* Release */,
			);
			defaultConfigurationIsVisible = 0;
			defaultConfigurationName = Release;
		};
/* End XCConfigurationList section */
	};
	rootObject = 05D254662C4ED09200112739 /* Project object */;
}
